
Microsoft Visual Studio Solution File, Format Version 12.00
# Visual Studio 14
VisualStudioVersion = 14.0.23107.0
MinimumVisualStudioVersion = 10.0.40219.1
Project("{FAE04EC0-301F-11D3-BF4B-00C04F79EFBC}") = "MyHadoopMapReduce", "MyHadoopMapReduce\MyHadoopMapReduce.csproj", "{63469F34-BEEC-4103-914A-FDC12157FF16}"
EndProject
Global
	GlobalSection(SolutionConfigurationPlatforms) = preSolution
		Debug|Any CPU = Debug|Any CPU
		Release|Any CPU = Release|Any CPU
	EndGlobalSection
	GlobalSection(ProjectConfigurationPlatforms) = postSolution
		{63469F34-BEEC-4103-914A-FDC12157FF16}.Debug|Any CPU.ActiveCfg = Debug|Any CPU
		{63469F34-BEEC-4103-914A-FDC12157FF16}.Debug|Any CPU.Build.0 = Debug|Any CPU
		{63469F34-BEEC-4103-914A-FDC12157FF16}.Release|Any CPU.ActiveCfg = Release|Any CPU
		{63469F34-BEEC-4103-914A-FDC12157FF16}.Release|Any CPU.Build.0 = Release|Any CPU
	EndGlobalSection
	GlobalSection(SolutionProperties) = preSolution
		HideSolutionNode = FALSE
	EndGlobalSection
EndGlobal
